# THIS IS AN AUTOGENERATED FILE. DO NOT EDIT THIS FILE DIRECTLY.
# yarn lockfile v1


accepts@~1.3.3:
  version "1.3.3"
  resolved "https://registry.yarnpkg.com/accepts/-/accepts-1.3.3.tgz#c3ca7434938648c3e0d9c1e328dd68b622c284ca"
  dependencies:
    mime-types "~2.1.11"
    negotiator "0.6.1"

acorn-globals@^1.0.3:
  version "1.0.9"
  resolved "https://registry.yarnpkg.com/acorn-globals/-/acorn-globals-1.0.9.tgz#55bb5e98691507b74579d0513413217c380c54cf"
  dependencies:
    acorn "^2.1.0"

acorn@^1.0.1:
  version "1.2.2"
  resolved "https://registry.yarnpkg.com/acorn/-/acorn-1.2.2.tgz#c8ce27de0acc76d896d2b1fad3df588d9e82f014"

acorn@^2.1.0:
  version "2.7.0"
  resolved "https://registry.yarnpkg.com/acorn/-/acorn-2.7.0.tgz#ab6e7d9d886aaca8b085bc3312b79a198433f0e7"

amdefine@>=0.0.4:
  version "1.0.1"
  resolved "https://registry.yarnpkg.com/amdefine/-/amdefine-1.0.1.tgz#4a5282ac164729e93619bcfd3ad151f817ce91f5"

array-flatten@1.1.1:
  version "1.1.1"
  resolved "https://registry.yarnpkg.com/array-flatten/-/array-flatten-1.1.1.tgz#9a5f699051b1e7073328f2a008968b64ea2955d2"

asap@~1.0.0:
  version "1.0.0"
  resolved "https://registry.yarnpkg.com/asap/-/asap-1.0.0.tgz#b2a45da5fdfa20b0496fc3768cc27c12fa916a7d"

async@^2.1.4:
  version "2.1.4"
  resolved "https://registry.yarnpkg.com/async/-/async-2.1.4.tgz#2d2160c7788032e4dd6cbe2502f1f9a2c8f6cde4"
  dependencies:
    lodash "^4.14.0"

axios@^0.15.3:
  version "0.15.3"
  resolved "https://registry.yarnpkg.com/axios/-/axios-0.15.3.tgz#2c9d638b2e191a08ea1d6cc988eadd6ba5bdc053"
  dependencies:
    follow-redirects "1.0.0"

basic-auth@~1.0.3:
  version "1.0.4"
  resolved "https://registry.yarnpkg.com/basic-auth/-/basic-auth-1.0.4.tgz#030935b01de7c9b94a824b29f3fccb750d3a5290"

body-parser@~1.15.2:
  version "1.15.2"
  resolved "https://registry.yarnpkg.com/body-parser/-/body-parser-1.15.2.tgz#d7578cf4f1d11d5f6ea804cef35dc7a7ff6dae67"
  dependencies:
    bytes "2.4.0"
    content-type "~1.0.2"
    debug "~2.2.0"
    depd "~1.1.0"
    http-errors "~1.5.0"
    iconv-lite "0.4.13"
    on-finished "~2.3.0"
    qs "6.2.0"
    raw-body "~2.1.7"
    type-is "~1.6.13"

bytes@2.4.0:
  version "2.4.0"
  resolved "https://registry.yarnpkg.com/bytes/-/bytes-2.4.0.tgz#7d97196f9d5baf7f6935e25985549edd2a6c2339"

character-parser@1.2.1:
  version "1.2.1"
  resolved "https://registry.yarnpkg.com/character-parser/-/character-parser-1.2.1.tgz#c0dde4ab182713b919b970959a123ecc1a30fcd6"

clean-css@^3.1.9:
  version "3.4.23"
  resolved "https://registry.yarnpkg.com/clean-css/-/clean-css-3.4.23.tgz#604fbbca24c12feb59b02f00b84f1fb7ded6d001"
  dependencies:
    commander "2.8.x"
    source-map "0.4.x"

commander@2.8.x:
  version "2.8.1"
  resolved "https://registry.yarnpkg.com/commander/-/commander-2.8.1.tgz#06be367febfda0c330aa1e2a072d3dc9762425d4"
  dependencies:
    graceful-readlink ">= 1.0.0"

commander@~2.6.0:
  version "2.6.0"
  resolved "https://registry.yarnpkg.com/commander/-/commander-2.6.0.tgz#9df7e52fb2a0cb0fb89058ee80c3104225f37e1d"

constantinople@~3.0.1:
  version "3.0.2"
  resolved "https://registry.yarnpkg.com/constantinople/-/constantinople-3.0.2.tgz#4b945d9937907bcd98ee575122c3817516544141"
  dependencies:
    acorn "^2.1.0"

content-disposition@0.5.1:
  version "0.5.1"
  resolved "https://registry.yarnpkg.com/content-disposition/-/content-disposition-0.5.1.tgz#87476c6a67c8daa87e32e87616df883ba7fb071b"

content-type@~1.0.2:
  version "1.0.2"
  resolved "https://registry.yarnpkg.com/content-type/-/content-type-1.0.2.tgz#b7d113aee7a8dd27bd21133c4dc2529df1721eed"

cookie-parser@~1.4.3:
  version "1.4.3"
  resolved "https://registry.yarnpkg.com/cookie-parser/-/cookie-parser-1.4.3.tgz#0fe31fa19d000b95f4aadf1f53fdc2b8a203baa5"
  dependencies:
    cookie "0.3.1"
    cookie-signature "1.0.6"

cookie-signature@1.0.6:
  version "1.0.6"
  resolved "https://registry.yarnpkg.com/cookie-signature/-/cookie-signature-1.0.6.tgz#e303a882b342cc3ee8ca513a79999734dab3ae2c"

cookie@0.3.1:
  version "0.3.1"
  resolved "https://registry.yarnpkg.com/cookie/-/cookie-0.3.1.tgz#e7e0a1f9ef43b4c8ba925c5c5a96e806d16873bb"

css-parse@1.0.4:
  version "1.0.4"
  resolved "https://registry.yarnpkg.com/css-parse/-/css-parse-1.0.4.tgz#38b0503fbf9da9f54e9c1dbda60e145c77117bdd"

css-stringify@1.0.5:
  version "1.0.5"
  resolved "https://registry.yarnpkg.com/css-stringify/-/css-stringify-1.0.5.tgz#b0d042946db2953bb9d292900a6cb5f6d0122031"

css@~1.0.8:
  version "1.0.8"
  resolved "https://registry.yarnpkg.com/css/-/css-1.0.8.tgz#9386811ca82bccc9ee7fb5a732b1e2a317c8a3e7"
  dependencies:
    css-parse "1.0.4"
    css-stringify "1.0.5"

debug@^2.2.0, debug@~2.2.0:
  version "2.2.0"
  resolved "https://registry.yarnpkg.com/debug/-/debug-2.2.0.tgz#f87057e995b1a1f6ae6a4960664137bc56f039da"
  dependencies:
    ms "0.7.1"

depd@~1.1.0:
  version "1.1.0"
  resolved "https://registry.yarnpkg.com/depd/-/depd-1.1.0.tgz#e1bd82c6aab6ced965b97b88b17ed3e528ca18c3"

destroy@~1.0.4:
  version "1.0.4"
  resolved "https://registry.yarnpkg.com/destroy/-/destroy-1.0.4.tgz#978857442c44749e4206613e37946205826abd80"

ee-first@1.1.1:
  version "1.1.1"
  resolved "https://registry.yarnpkg.com/ee-first/-/ee-first-1.1.1.tgz#590c61156b0ae2f4f0255732a158b266bc56b21d"

encodeurl@~1.0.1:
  version "1.0.1"
  resolved "https://registry.yarnpkg.com/encodeurl/-/encodeurl-1.0.1.tgz#79e3d58655346909fe6f0f45a5de68103b294d20"

escape-html@~1.0.3:
  version "1.0.3"
  resolved "https://registry.yarnpkg.com/escape-html/-/escape-html-1.0.3.tgz#0258eae4d3d0c0974de1c169188ef0051d1d1988"

etag@~1.7.0:
  version "1.7.0"
  resolved "https://registry.yarnpkg.com/etag/-/etag-1.7.0.tgz#03d30b5f67dd6e632d2945d30d6652731a34d5d8"

express@~4.14.0:
  version "4.14.0"
  resolved "https://registry.yarnpkg.com/express/-/express-4.14.0.tgz#c1ee3f42cdc891fb3dc650a8922d51ec847d0d66"
  dependencies:
    accepts "~1.3.3"
    array-flatten "1.1.1"
    content-disposition "0.5.1"
    content-type "~1.0.2"
    cookie "0.3.1"
    cookie-signature "1.0.6"
    debug "~2.2.0"
    depd "~1.1.0"
    encodeurl "~1.0.1"
    escape-html "~1.0.3"
    etag "~1.7.0"
    finalhandler "0.5.0"
    fresh "0.3.0"
    merge-descriptors "1.0.1"
    methods "~1.1.2"
    on-finished "~2.3.0"
    parseurl "~1.3.1"
    path-to-regexp "0.1.7"
    proxy-addr "~1.1.2"
    qs "6.2.0"
    range-parser "~1.2.0"
    send "0.14.1"
    serve-static "~1.11.1"
    type-is "~1.6.13"
    utils-merge "1.0.0"
    vary "~1.1.0"

finalhandler@0.5.0:
  version "0.5.0"
  resolved "https://registry.yarnpkg.com/finalhandler/-/finalhandler-0.5.0.tgz#e9508abece9b6dba871a6942a1d7911b91911ac7"
  dependencies:
    debug "~2.2.0"
    escape-html "~1.0.3"
    on-finished "~2.3.0"
    statuses "~1.3.0"
    unpipe "~1.0.0"

follow-redirects@1.0.0:
  version "1.0.0"
  resolved "https://registry.yarnpkg.com/follow-redirects/-/follow-redirects-1.0.0.tgz#8e34298cbd2e176f254effec75a1c78cc849fd37"
  dependencies:
    debug "^2.2.0"

forwarded@~0.1.0:
  version "0.1.0"
  resolved "https://registry.yarnpkg.com/forwarded/-/forwarded-0.1.0.tgz#19ef9874c4ae1c297bcf078fde63a09b66a84363"

fresh@0.3.0:
  version "0.3.0"
  resolved "https://registry.yarnpkg.com/fresh/-/fresh-0.3.0.tgz#651f838e22424e7566de161d8358caa199f83d4f"

"graceful-readlink@>= 1.0.0":
  version "1.0.1"
  resolved "https://registry.yarnpkg.com/graceful-readlink/-/graceful-readlink-1.0.1.tgz#4cafad76bc62f02fa039b2f94e9a3dd3a391a725"

http-errors@~1.5.0:
  version "1.5.1"
  resolved "https://registry.yarnpkg.com/http-errors/-/http-errors-1.5.1.tgz#788c0d2c1de2c81b9e6e8c01843b6b97eb920750"
  dependencies:
    inherits "2.0.3"
    setprototypeof "1.0.2"
    statuses ">= 1.3.1 < 2"

iconv-lite@0.4.13:
  version "0.4.13"
  resolved "https://registry.yarnpkg.com/iconv-lite/-/iconv-lite-0.4.13.tgz#1f88aba4ab0b1508e8312acc39345f36e992e2f2"

inherits@2.0.3:
  version "2.0.3"
  resolved "https://registry.yarnpkg.com/inherits/-/inherits-2.0.3.tgz#633c2c83e3da42a502f52466022480f4208261de"

ipaddr.js@1.1.1:
  version "1.1.1"
  resolved "https://registry.yarnpkg.com/ipaddr.js/-/ipaddr.js-1.1.1.tgz#c791d95f52b29c1247d5df80ada39b8a73647230"

is-promise@^2.0.0:
  version "2.1.0"
  resolved "https://registry.yarnpkg.com/is-promise/-/is-promise-2.1.0.tgz#79a2a9ece7f096e80f36d2b2f3bc16c1ff4bf3fa"

is-promise@~1:
  version "1.0.1"
  resolved "https://registry.yarnpkg.com/is-promise/-/is-promise-1.0.1.tgz#31573761c057e33c2e91aab9e96da08cefbe76e5"

jade@~1.11.0:
  version "1.11.0"
  resolved "https://registry.yarnpkg.com/jade/-/jade-1.11.0.tgz#9c80e538c12d3fb95c8d9bb9559fa0cc040405fd"
  dependencies:
    character-parser "1.2.1"
    clean-css "^3.1.9"
    commander "~2.6.0"
    constantinople "~3.0.1"
    jstransformer "0.0.2"
    mkdirp "~0.5.0"
    transformers "2.1.0"
    void-elements "~2.0.1"
    with "~4.0.0"

jstransformer@0.0.2:
  version "0.0.2"
  resolved "https://registry.yarnpkg.com/jstransformer/-/jstransformer-0.0.2.tgz#7aae29a903d196cfa0973d885d3e47947ecd76ab"
  dependencies:
    is-promise "^2.0.0"
    promise "^6.0.1"

lodash@^4.14.0:
  version "4.17.3"
  resolved "https://registry.yarnpkg.com/lodash/-/lodash-4.17.3.tgz#557ed7d2a9438cac5fd5a43043ca60cb455e01f7"

media-typer@0.3.0:
  version "0.3.0"
  resolved "https://registry.yarnpkg.com/media-typer/-/media-typer-0.3.0.tgz#8710d7af0aa626f8fffa1ce00168545263255748"

merge-descriptors@1.0.1:
  version "1.0.1"
  resolved "https://registry.yarnpkg.com/merge-descriptors/-/merge-descriptors-1.0.1.tgz#b00aaa556dd8b44568150ec9d1b953f3f90cbb61"

methods@~1.1.2:
  version "1.1.2"
  resolved "https://registry.yarnpkg.com/methods/-/methods-1.1.2.tgz#5529a4d67654134edcc5266656835b0f851afcee"

mime-db@~1.25.0:
  version "1.25.0"
  resolved "https://registry.yarnpkg.com/mime-db/-/mime-db-1.25.0.tgz#c18dbd7c73a5dbf6f44a024dc0d165a1e7b1c392"

mime-types@~2.1.11, mime-types@~2.1.13:
  version "2.1.13"
  resolved "https://registry.yarnpkg.com/mime-types/-/mime-types-2.1.13.tgz#e07aaa9c6c6b9a7ca3012c69003ad25a39e92a88"
  dependencies:
    mime-db "~1.25.0"

mime@1.3.4:
  version "1.3.4"
  resolved "https://registry.yarnpkg.com/mime/-/mime-1.3.4.tgz#115f9e3b6b3daf2959983cb38f149a2d40eb5d53"

minimist@0.0.8:
  version "0.0.8"
  resolved "https://registry.yarnpkg.com/minimist/-/minimist-0.0.8.tgz#857fcabfc3397d2625b8228262e86aa7a011b05d"

mkdirp@~0.5.0:
  version "0.5.1"
  resolved "https://registry.yarnpkg.com/mkdirp/-/mkdirp-0.5.1.tgz#30057438eac6cf7f8c4767f38648d6697d75c903"
  dependencies:
    minimist "0.0.8"

morgan@~1.7.0:
  version "1.7.0"
  resolved "https://registry.yarnpkg.com/morgan/-/morgan-1.7.0.tgz#eb10ca8e50d1abe0f8d3dad5c0201d052d981c62"
  dependencies:
    basic-auth "~1.0.3"
    debug "~2.2.0"
    depd "~1.1.0"
    on-finished "~2.3.0"
    on-headers "~1.0.1"

ms@0.7.1:
  version "0.7.1"
  resolved "https://registry.yarnpkg.com/ms/-/ms-0.7.1.tgz#9cd13c03adbff25b65effde7ce864ee952017098"

ms@0.7.2:
  version "0.7.2"
  resolved "https://registry.yarnpkg.com/ms/-/ms-0.7.2.tgz#ae25cf2512b3885a1d95d7f037868d8431124765"

negotiator@0.6.1:
  version "0.6.1"
  resolved "https://registry.yarnpkg.com/negotiator/-/negotiator-0.6.1.tgz#2b327184e8992101177b28563fb5e7102acd0ca9"

on-finished@~2.3.0:
  version "2.3.0"
  resolved "https://registry.yarnpkg.com/on-finished/-/on-finished-2.3.0.tgz#20f1336481b083cd75337992a16971aa2d906947"
  dependencies:
    ee-first "1.1.1"

on-headers@~1.0.1:
  version "1.0.1"
  resolved "https://registry.yarnpkg.com/on-headers/-/on-headers-1.0.1.tgz#928f5d0f470d49342651ea6794b0857c100693f7"

optimist@~0.3.5:
  version "0.3.7"
  resolved "https://registry.yarnpkg.com/optimist/-/optimist-0.3.7.tgz#c90941ad59e4273328923074d2cf2e7cbc6ec0d9"
  dependencies:
    wordwrap "~0.0.2"

parseurl@~1.3.1:
  version "1.3.1"
  resolved "https://registry.yarnpkg.com/parseurl/-/parseurl-1.3.1.tgz#c8ab8c9223ba34888aa64a297b28853bec18da56"

path-to-regexp@0.1.7:
  version "0.1.7"
  resolved "https://registry.yarnpkg.com/path-to-regexp/-/path-to-regexp-0.1.7.tgz#df604178005f522f15eb4490e7247a1bfaa67f8c"

promise@^6.0.1:
  version "6.1.0"
  resolved "https://registry.yarnpkg.com/promise/-/promise-6.1.0.tgz#2ce729f6b94b45c26891ad0602c5c90e04c6eef6"
  dependencies:
    asap "~1.0.0"

promise@~2.0:
  version "2.0.0"
  resolved "https://registry.yarnpkg.com/promise/-/promise-2.0.0.tgz#46648aa9d605af5d2e70c3024bf59436da02b80e"
  dependencies:
    is-promise "~1"

proxy-addr@~1.1.2:
  version "1.1.2"
  resolved "https://registry.yarnpkg.com/proxy-addr/-/proxy-addr-1.1.2.tgz#b4cc5f22610d9535824c123aef9d3cf73c40ba37"
  dependencies:
    forwarded "~0.1.0"
    ipaddr.js "1.1.1"

qs@6.2.0:
  version "6.2.0"
  resolved "https://registry.yarnpkg.com/qs/-/qs-6.2.0.tgz#3b7848c03c2dece69a9522b0fae8c4126d745f3b"

range-parser@~1.2.0:
  version "1.2.0"
  resolved "https://registry.yarnpkg.com/range-parser/-/range-parser-1.2.0.tgz#f49be6b487894ddc40dcc94a322f611092e00d5e"

raw-body@~2.1.7:
  version "2.1.7"
  resolved "https://registry.yarnpkg.com/raw-body/-/raw-body-2.1.7.tgz#adfeace2e4fb3098058014d08c072dcc59758774"
  dependencies:
    bytes "2.4.0"
    iconv-lite "0.4.13"
    unpipe "1.0.0"

send@0.14.1:
  version "0.14.1"
  resolved "https://registry.yarnpkg.com/send/-/send-0.14.1.tgz#a954984325392f51532a7760760e459598c89f7a"
  dependencies:
    debug "~2.2.0"
    depd "~1.1.0"
    destroy "~1.0.4"
    encodeurl "~1.0.1"
    escape-html "~1.0.3"
    etag "~1.7.0"
    fresh "0.3.0"
    http-errors "~1.5.0"
    mime "1.3.4"
    ms "0.7.1"
    on-finished "~2.3.0"
    range-parser "~1.2.0"
    statuses "~1.3.0"

serve-favicon@~2.3.0:
  version "2.3.2"
  resolved "https://registry.yarnpkg.com/serve-favicon/-/serve-favicon-2.3.2.tgz#dd419e268de012ab72b319d337f2105013f9381f"
  dependencies:
    etag "~1.7.0"
    fresh "0.3.0"
    ms "0.7.2"
    parseurl "~1.3.1"

serve-static@~1.11.1:
  version "1.11.1"
  resolved "https://registry.yarnpkg.com/serve-static/-/serve-static-1.11.1.tgz#d6cce7693505f733c759de57befc1af76c0f0805"
  dependencies:
    encodeurl "~1.0.1"
    escape-html "~1.0.3"
    parseurl "~1.3.1"
    send "0.14.1"

setprototypeof@1.0.2:
  version "1.0.2"
  resolved "https://registry.yarnpkg.com/setprototypeof/-/setprototypeof-1.0.2.tgz#81a552141ec104b88e89ce383103ad5c66564d08"

source-map@0.4.x:
  version "0.4.4"
  resolved "https://registry.yarnpkg.com/source-map/-/source-map-0.4.4.tgz#eba4f5da9c0dc999de68032d8b4f76173652036b"
  dependencies:
    amdefine ">=0.0.4"

source-map@~0.1.7:
  version "0.1.43"
  resolved "https://registry.yarnpkg.com/source-map/-/source-map-0.1.43.tgz#c24bc146ca517c1471f5dacbe2571b2b7f9e3346"
  dependencies:
    amdefine ">=0.0.4"

"statuses@>= 1.3.1 < 2", statuses@~1.3.0:
  version "1.3.1"
  resolved "https://registry.yarnpkg.com/statuses/-/statuses-1.3.1.tgz#faf51b9eb74aaef3b3acf4ad5f61abf24cb7b93e"

transformers@2.1.0:
  version "2.1.0"
  resolved "https://registry.yarnpkg.com/transformers/-/transformers-2.1.0.tgz#5d23cb35561dd85dc67fb8482309b47d53cce9a7"
  dependencies:
    css "~1.0.8"
    promise "~2.0"
    uglify-js "~2.2.5"

type-is@~1.6.13:
  version "1.6.14"
  resolved "https://registry.yarnpkg.com/type-is/-/type-is-1.6.14.tgz#e219639c17ded1ca0789092dd54a03826b817cb2"
  dependencies:
    media-typer "0.3.0"
    mime-types "~2.1.13"

uglify-js@~2.2.5:
  version "2.2.5"
  resolved "https://registry.yarnpkg.com/uglify-js/-/uglify-js-2.2.5.tgz#a6e02a70d839792b9780488b7b8b184c095c99c7"
  dependencies:
    optimist "~0.3.5"
    source-map "~0.1.7"

underscore@^1.8.3:
  version "1.8.3"
  resolved "https://registry.yarnpkg.com/underscore/-/underscore-1.8.3.tgz#4f3fb53b106e6097fcf9cb4109f2a5e9bdfa5022"

unpipe@1.0.0, unpipe@~1.0.0:
  version "1.0.0"
  resolved "https://registry.yarnpkg.com/unpipe/-/unpipe-1.0.0.tgz#b2bf4ee8514aae6165b4817829d21b2ef49904ec"

utils-merge@1.0.0:
  version "1.0.0"
  resolved "https://registry.yarnpkg.com/utils-merge/-/utils-merge-1.0.0.tgz#0294fb922bb9375153541c4f7096231f287c8af8"

vary@~1.1.0:
  version "1.1.0"
  resolved "https://registry.yarnpkg.com/vary/-/vary-1.1.0.tgz#e1e5affbbd16ae768dd2674394b9ad3022653140"

void-elements@~2.0.1:
  version "2.0.1"
  resolved "https://registry.yarnpkg.com/void-elements/-/void-elements-2.0.1.tgz#c066afb582bb1cb4128d60ea92392e94d5e9dbec"

with@~4.0.0:
  version "4.0.3"
  resolved "https://registry.yarnpkg.com/with/-/with-4.0.3.tgz#eefd154e9e79d2c8d3417b647a8f14d9fecce14e"
  dependencies:
    acorn "^1.0.1"
    acorn-globals "^1.0.3"

wordwrap@~0.0.2:
  version "0.0.3"
  resolved "https://registry.yarnpkg.com/wordwrap/-/wordwrap-0.0.3.tgz#a3d5da6cd5c0bc0008d37234bbaf1bed63059107"
